
Microsoft Visual Studio Solution File, Format Version 12.00
# Visual Studio Version 16
VisualStudioVersion = 16.0.31005.135
MinimumVisualStudioVersion = 10.0.40219.1
Project("{FAE04EC0-301F-11D3-BF4B-00C04F79EFBC}") = "gameapp", "gameapp.csproj", "{6E6585EA-E691-49CD-89D8-C3E2297FF88A}"
EndProject
Global
	GlobalSection(SolutionConfigurationPlatforms) = preSolution
		Debug|Any CPU = Debug|Any CPU
		Release|Any CPU = Release|Any CPU
	EndGlobalSection
	GlobalSection(ProjectConfigurationPlatforms) = postSolution
		{6E6585EA-E691-49CD-89D8-C3E2297FF88A}.Debug|Any CPU.ActiveCfg = Debug|Any CPU
		{6E6585EA-E691-49CD-89D8-C3E2297FF88A}.Debug|Any CPU.Build.0 = Debug|Any CPU
		{6E6585EA-E691-49CD-89D8-C3E2297FF88A}.Release|Any CPU.ActiveCfg = Release|Any CPU
		{6E6585EA-E691-49CD-89D8-C3E2297FF88A}.Release|Any CPU.Build.0 = Release|Any CPU
	EndGlobalSection
	GlobalSection(SolutionProperties) = preSolution
		HideSolutionNode = FALSE
	EndGlobalSection
	GlobalSection(ExtensibilityGlobals) = postSolution
		SolutionGuid = {484AAAB4-45CE-4289-AFF1-E9BCC829683F}
	EndGlobalSection
EndGlobal
