
Microsoft Visual Studio Solution File, Format Version 12.00
# Visual Studio Version 16
VisualStudioVersion = 16.0.30717.126
MinimumVisualStudioVersion = 10.0.40219.1
Project("{FAE04EC0-301F-11D3-BF4B-00C04F79EFBC}") = "carApp0208", "carApp0208\carApp0208.csproj", "{6BD897CB-DB13-41F4-9DC1-2FA82553B6B9}"
EndProject
Global
	GlobalSection(SolutionConfigurationPlatforms) = preSolution
		Debug|Any CPU = Debug|Any CPU
		Release|Any CPU = Release|Any CPU
	EndGlobalSection
	GlobalSection(ProjectConfigurationPlatforms) = postSolution
		{6BD897CB-DB13-41F4-9DC1-2FA82553B6B9}.Debug|Any CPU.ActiveCfg = Debug|Any CPU
		{6BD897CB-DB13-41F4-9DC1-2FA82553B6B9}.Debug|Any CPU.Build.0 = Debug|Any CPU
		{6BD897CB-DB13-41F4-9DC1-2FA82553B6B9}.Release|Any CPU.ActiveCfg = Release|Any CPU
		{6BD897CB-DB13-41F4-9DC1-2FA82553B6B9}.Release|Any CPU.Build.0 = Release|Any CPU
	EndGlobalSection
	GlobalSection(SolutionProperties) = preSolution
		HideSolutionNode = FALSE
	EndGlobalSection
	GlobalSection(ExtensibilityGlobals) = postSolution
		SolutionGuid = {0E5390A6-C878-4F85-9461-AEC79771E742}
	EndGlobalSection
EndGlobal
