
Microsoft Visual Studio Solution File, Format Version 12.00
# Visual Studio Version 16
VisualStudioVersion = 16.0.31005.135
MinimumVisualStudioVersion = 10.0.40219.1
Project("{FAE04EC0-301F-11D3-BF4B-00C04F79EFBC}") = "project1.1", "project1.1.csproj", "{138D3093-F5D6-4E57-8D0E-F3456214447B}"
EndProject
Global
	GlobalSection(SolutionConfigurationPlatforms) = preSolution
		Debug|Any CPU = Debug|Any CPU
		Release|Any CPU = Release|Any CPU
	EndGlobalSection
	GlobalSection(ProjectConfigurationPlatforms) = postSolution
		{138D3093-F5D6-4E57-8D0E-F3456214447B}.Debug|Any CPU.ActiveCfg = Debug|Any CPU
		{138D3093-F5D6-4E57-8D0E-F3456214447B}.Debug|Any CPU.Build.0 = Debug|Any CPU
		{138D3093-F5D6-4E57-8D0E-F3456214447B}.Release|Any CPU.ActiveCfg = Release|Any CPU
		{138D3093-F5D6-4E57-8D0E-F3456214447B}.Release|Any CPU.Build.0 = Release|Any CPU
	EndGlobalSection
	GlobalSection(SolutionProperties) = preSolution
		HideSolutionNode = FALSE
	EndGlobalSection
	GlobalSection(ExtensibilityGlobals) = postSolution
		SolutionGuid = {0E8862FD-0588-4131-B2C6-D5DA26EA3849}
	EndGlobalSection
EndGlobal
